{
  "lockfileVersion": 1,
  "configVersion": 0,
  "workspaces": {
    "": {
      "name": "hedit",
      "dependencies": {
        "@tailwindcss/vite": "^4.2.0",
        "@tauri-apps/api": "^2.10.1",
        "@tauri-apps/plugin-autostart": "~2.5.1",
        "@tauri-apps/plugin-fs": "~2.4.5",
        "@tauri-apps/plugin-http": "~2.5.7",
        "@tauri-apps/plugin-opener": "~2.5.3",
        "@tauri-apps/plugin-os": "~2.3.2",
        "@tauri-apps/plugin-store": "~2.4.2",
        "@vueuse/core": "^14.2.1",
        "lucide-vue-next": "^0.575.0",
        "monaco-editor": "^0.55.1",
        "tailwindcss": "^4.2.0",
        "vue": "^3.5.28",
        "vue-sonner": "^2.0.9",
      },
      "devDependencies": {
        "@biomejs/biome": "^2.4.4",
        "@tauri-apps/cli": "^2.10.0",
        "@vitejs/plugin-vue": "^6.0.4",
        "autoprefixer": "^10.4.24",
        "typescript": "~5.9.3",
        "vite": "^7.3.1",
        "vite-plugin-top-level-await": "^1.6.0",
        "vue-tsc": "^3.2.5",
      },
    },
  },
  "trustedDependencies": [
    "@tailwindcss/oxide",
  ],
  "packages": {
    "@babel/helper-string-parser": ["@babel/helper-string-parser@7.27.1", "", {}, "sha512-qMlSxKbpRlAridDExk92nSobyDdpPijUq2DW6oDnUqd0iOGxmQjyqhMIihI9+zv4LPyZdRje2cavWPbCbWm3eA=="],

    "@babel/helper-validator-identifier": ["@babel/helper-validator-identifier@7.28.5", "", {}, "sha512-qSs4ifwzKJSV39ucNjsvc6WVHs6b7S03sOh2OcHF9UHfVPqWWALUsNUVzhSBiItjRZoLHx7nIarVjqKVusUZ1Q=="],

    "@babel/parser": ["@babel/parser@7.29.0", "", { "dependencies": { "@babel/types": "^7.29.0" }, "bin": "./bin/babel-parser.js" }, "sha512-IyDgFV5GeDUVX4YdF/3CPULtVGSXXMLh1xVIgdCgxApktqnQV0r7/8Nqthg+8YLGaAtdyIlo2qIdZrbCv4+7ww=="],

    "@babel/types": ["@babel/types@7.29.0", "", { "dependencies": { "@babel/helper-string-parser": "^7.27.1", "@babel/helper-validator-identifier": "^7.28.5" } }, "sha512-LwdZHpScM4Qz8Xw2iKSzS+cfglZzJGvofQICy7W7v4caru4EaAmyUuO6BGrbyQ2mYV11W0U8j5mBhd14dd3B0A=="],

    "@biomejs/biome": ["@biomejs/biome@2.4.4", "", { "optionalDependencies": { "@biomejs/cli-darwin-arm64": "2.4.4", "@biomejs/cli-darwin-x64": "2.4.4", "@biomejs/cli-linux-arm64": "2.4.4", "@biomejs/cli-linux-arm64-musl": "2.4.4", "@biomejs/cli-linux-x64": "2.4.4", "@biomejs/cli-linux-x64-musl": "2.4.4", "@biomejs/cli-win32-arm64": "2.4.4", "@biomejs/cli-win32-x64": "2.4.4" }, "bin": { "biome": "bin/biome" } }, "sha512-tigwWS5KfJf0cABVd52NVaXyAVv4qpUXOWJ1rxFL8xF1RVoeS2q/LK+FHgYoKMclJCuRoCWAPy1IXaN9/mS61Q=="],

    "@biomejs/cli-darwin-arm64": ["@biomejs/cli-darwin-arm64@2.4.4", "", { "os": "darwin", "cpu": "arm64" }, "sha512-jZ+Xc6qvD6tTH5jM6eKX44dcbyNqJHssfl2nnwT6vma6B1sj7ZLTGIk6N5QwVBs5xGN52r3trk5fgd3sQ9We9A=="],

    "@biomejs/cli-darwin-x64": ["@biomejs/cli-darwin-x64@2.4.4", "", { "os": "darwin", "cpu": "x64" }, "sha512-Dh1a/+W+SUCXhEdL7TiX3ArPTFCQKJTI1mGncZNWfO+6suk+gYA4lNyJcBB+pwvF49uw0pEbUS49BgYOY4hzUg=="],

    "@biomejs/cli-linux-arm64": ["@biomejs/cli-linux-arm64@2.4.4", "", { "os": "linux", "cpu": "arm64" }, "sha512-V/NFfbWhsUU6w+m5WYbBenlEAz8eYnSqRMDMAW3K+3v0tYVkNyZn8VU0XPxk/lOqNXLSCCrV7FmV/u3SjCBShg=="],

    "@biomejs/cli-linux-arm64-musl": ["@biomejs/cli-linux-arm64-musl@2.4.4", "", { "os": "linux", "cpu": "arm64" }, "sha512-+sPAXq3bxmFwhVFJnSwkSF5Rw2ZAJMH3MF6C9IveAEOdSpgajPhoQhbbAK12SehN9j2QrHpk4J/cHsa/HqWaYQ=="],

    "@biomejs/cli-linux-x64": ["@biomejs/cli-linux-x64@2.4.4", "", { "os": "linux", "cpu": "x64" }, "sha512-R4+ZCDtG9kHArasyBO+UBD6jr/FcFCTH8QkNTOCu0pRJzCWyWC4EtZa2AmUZB5h3e0jD7bRV2KvrENcf8rndBg=="],

    "@biomejs/cli-linux-x64-musl": ["@biomejs/cli-linux-x64-musl@2.4.4", "", { "os": "linux", "cpu": "x64" }, "sha512-gGvFTGpOIQDb5CQ2VC0n9Z2UEqlP46c4aNgHmAMytYieTGEcfqhfCFnhs6xjt0S3igE6q5GLuIXtdQt3Izok+g=="],

    "@biomejs/cli-win32-arm64": ["@biomejs/cli-win32-arm64@2.4.4", "", { "os": "win32", "cpu": "arm64" }, "sha512-trzCqM7x+Gn832zZHgr28JoYagQNX4CZkUZhMUac2YxvvyDRLJDrb5m9IA7CaZLlX6lTQmADVfLEKP1et1Ma4Q=="],

    "@biomejs/cli-win32-x64": ["@biomejs/cli-win32-x64@2.4.4", "", { "os": "win32", "cpu": "x64" }, "sha512-gnOHKVPFAAPrpoPt2t+Q6FZ7RPry/FDV3GcpU53P3PtLNnQjBmKyN2Vh/JtqXet+H4pme8CC76rScwdjDcT1/A=="],

    "@esbuild/aix-ppc64": ["@esbuild/aix-ppc64@0.27.2", "", { "os": "aix", "cpu": "ppc64" }, "sha512-GZMB+a0mOMZs4MpDbj8RJp4cw+w1WV5NYD6xzgvzUJ5Ek2jerwfO2eADyI6ExDSUED+1X8aMbegahsJi+8mgpw=="],

    "@esbuild/android-arm": ["@esbuild/android-arm@0.27.2", "", { "os": "android", "cpu": "arm" }, "sha512-DVNI8jlPa7Ujbr1yjU2PfUSRtAUZPG9I1RwW4F4xFB1Imiu2on0ADiI/c3td+KmDtVKNbi+nffGDQMfcIMkwIA=="],

    "@esbuild/android-arm64": ["@esbuild/android-arm64@0.27.2", "", { "os": "android", "cpu": "arm64" }, "sha512-pvz8ZZ7ot/RBphf8fv60ljmaoydPU12VuXHImtAs0XhLLw+EXBi2BLe3OYSBslR4rryHvweW5gmkKFwTiFy6KA=="],

    "@esbuild/android-x64": ["@esbuild/android-x64@0.27.2", "", { "os": "android", "cpu": "x64" }, "sha512-z8Ank4Byh4TJJOh4wpz8g2vDy75zFL0TlZlkUkEwYXuPSgX8yzep596n6mT7905kA9uHZsf/o2OJZubl2l3M7A=="],

    "@esbuild/darwin-arm64": ["@esbuild/darwin-arm64@0.27.2", "", { "os": "darwin", "cpu": "arm64" }, "sha512-davCD2Zc80nzDVRwXTcQP/28fiJbcOwvdolL0sOiOsbwBa72kegmVU0Wrh1MYrbuCL98Omp5dVhQFWRKR2ZAlg=="],

    "@esbuild/darwin-x64": ["@esbuild/darwin-x64@0.27.2", "", { "os": "darwin", "cpu": "x64" }, "sha512-ZxtijOmlQCBWGwbVmwOF/UCzuGIbUkqB1faQRf5akQmxRJ1ujusWsb3CVfk/9iZKr2L5SMU5wPBi1UWbvL+VQA=="],

    "@esbuild/freebsd-arm64": ["@esbuild/freebsd-arm64@0.27.2", "", { "os": "freebsd", "cpu": "arm64" }, "sha512-lS/9CN+rgqQ9czogxlMcBMGd+l8Q3Nj1MFQwBZJyoEKI50XGxwuzznYdwcav6lpOGv5BqaZXqvBSiB/kJ5op+g=="],

    "@esbuild/freebsd-x64": ["@esbuild/freebsd-x64@0.27.2", "", { "os": "freebsd", "cpu": "x64" }, "sha512-tAfqtNYb4YgPnJlEFu4c212HYjQWSO/w/h/lQaBK7RbwGIkBOuNKQI9tqWzx7Wtp7bTPaGC6MJvWI608P3wXYA=="],

    "@esbuild/linux-arm": ["@esbuild/linux-arm@0.27.2", "", { "os": "linux", "cpu": "arm" }, "sha512-vWfq4GaIMP9AIe4yj1ZUW18RDhx6EPQKjwe7n8BbIecFtCQG4CfHGaHuh7fdfq+y3LIA2vGS/o9ZBGVxIDi9hw=="],

    "@esbuild/linux-arm64": ["@esbuild/linux-arm64@0.27.2", "", { "os": "linux", "cpu": "arm64" }, "sha512-hYxN8pr66NsCCiRFkHUAsxylNOcAQaxSSkHMMjcpx0si13t1LHFphxJZUiGwojB1a/Hd5OiPIqDdXONia6bhTw=="],

    "@esbuild/linux-ia32": ["@esbuild/linux-ia32@0.27.2", "", { "os": "linux", "cpu": "ia32" }, "sha512-MJt5BRRSScPDwG2hLelYhAAKh9imjHK5+NE/tvnRLbIqUWa+0E9N4WNMjmp/kXXPHZGqPLxggwVhz7QP8CTR8w=="],

    "@esbuild/linux-loong64": ["@esbuild/linux-loong64@0.27.2", "", { "os": "linux", "cpu": "none" }, "sha512-lugyF1atnAT463aO6KPshVCJK5NgRnU4yb3FUumyVz+cGvZbontBgzeGFO1nF+dPueHD367a2ZXe1NtUkAjOtg=="],

    "@esbuild/linux-mips64el": ["@esbuild/linux-mips64el@0.27.2", "", { "os": "linux", "cpu": "none" }, "sha512-nlP2I6ArEBewvJ2gjrrkESEZkB5mIoaTswuqNFRv/WYd+ATtUpe9Y09RnJvgvdag7he0OWgEZWhviS1OTOKixw=="],

    "@esbuild/linux-ppc64": ["@esbuild/linux-ppc64@0.27.2", "", { "os": "linux", "cpu": "ppc64" }, "sha512-C92gnpey7tUQONqg1n6dKVbx3vphKtTHJaNG2Ok9lGwbZil6DrfyecMsp9CrmXGQJmZ7iiVXvvZH6Ml5hL6XdQ=="],

    "@esbuild/linux-riscv64": ["@esbuild/linux-riscv64@0.27.2", "", { "os": "linux", "cpu": "none" }, "sha512-B5BOmojNtUyN8AXlK0QJyvjEZkWwy/FKvakkTDCziX95AowLZKR6aCDhG7LeF7uMCXEJqwa8Bejz5LTPYm8AvA=="],

    "@esbuild/linux-s390x": ["@esbuild/linux-s390x@0.27.2", "", { "os": "linux", "cpu": "s390x" }, "sha512-p4bm9+wsPwup5Z8f4EpfN63qNagQ47Ua2znaqGH6bqLlmJ4bx97Y9JdqxgGZ6Y8xVTixUnEkoKSHcpRlDnNr5w=="],

    "@esbuild/linux-x64": ["@esbuild/linux-x64@0.27.2", "", { "os": "linux", "cpu": "x64" }, "sha512-uwp2Tip5aPmH+NRUwTcfLb+W32WXjpFejTIOWZFw/v7/KnpCDKG66u4DLcurQpiYTiYwQ9B7KOeMJvLCu/OvbA=="],

    "@esbuild/netbsd-arm64": ["@esbuild/netbsd-arm64@0.27.2", "", { "os": "none", "cpu": "arm64" }, "sha512-Kj6DiBlwXrPsCRDeRvGAUb/LNrBASrfqAIok+xB0LxK8CHqxZ037viF13ugfsIpePH93mX7xfJp97cyDuTZ3cw=="],

    "@esbuild/netbsd-x64": ["@esbuild/netbsd-x64@0.27.2", "", { "os": "none", "cpu": "x64" }, "sha512-HwGDZ0VLVBY3Y+Nw0JexZy9o/nUAWq9MlV7cahpaXKW6TOzfVno3y3/M8Ga8u8Yr7GldLOov27xiCnqRZf0tCA=="],

    "@esbuild/openbsd-arm64": ["@esbuild/openbsd-arm64@0.27.2", "", { "os": "openbsd", "cpu": "arm64" }, "sha512-DNIHH2BPQ5551A7oSHD0CKbwIA/Ox7+78/AWkbS5QoRzaqlev2uFayfSxq68EkonB+IKjiuxBFoV8ESJy8bOHA=="],

    "@esbuild/openbsd-x64": ["@esbuild/openbsd-x64@0.27.2", "", { "os": "openbsd", "cpu": "x64" }, "sha512-/it7w9Nb7+0KFIzjalNJVR5bOzA9Vay+yIPLVHfIQYG/j+j9VTH84aNB8ExGKPU4AzfaEvN9/V4HV+F+vo8OEg=="],

    "@esbuild/openharmony-arm64": ["@esbuild/openharmony-arm64@0.27.2", "", { "os": "none", "cpu": "arm64" }, "sha512-LRBbCmiU51IXfeXk59csuX/aSaToeG7w48nMwA6049Y4J4+VbWALAuXcs+qcD04rHDuSCSRKdmY63sruDS5qag=="],

    "@esbuild/sunos-x64": ["@esbuild/sunos-x64@0.27.2", "", { "os": "sunos", "cpu": "x64" }, "sha512-kMtx1yqJHTmqaqHPAzKCAkDaKsffmXkPHThSfRwZGyuqyIeBvf08KSsYXl+abf5HDAPMJIPnbBfXvP2ZC2TfHg=="],

    "@esbuild/win32-arm64": ["@esbuild/win32-arm64@0.27.2", "", { "os": "win32", "cpu": "arm64" }, "sha512-Yaf78O/B3Kkh+nKABUF++bvJv5Ijoy9AN1ww904rOXZFLWVc5OLOfL56W+C8F9xn5JQZa3UX6m+IktJnIb1Jjg=="],

    "@esbuild/win32-ia32": ["@esbuild/win32-ia32@0.27.2", "", { "os": "win32", "cpu": "ia32" }, "sha512-Iuws0kxo4yusk7sw70Xa2E2imZU5HoixzxfGCdxwBdhiDgt9vX9VUCBhqcwY7/uh//78A1hMkkROMJq9l27oLQ=="],

    "@esbuild/win32-x64": ["@esbuild/win32-x64@0.27.2", "", { "os": "win32", "cpu": "x64" }, "sha512-sRdU18mcKf7F+YgheI/zGf5alZatMUTKj/jNS6l744f9u3WFu4v7twcUI9vu4mknF4Y9aDlblIie0IM+5xxaqQ=="],

    "@jridgewell/gen-mapping": ["@jridgewell/gen-mapping@0.3.12", "", { "dependencies": { "@jridgewell/sourcemap-codec": "^1.5.0", "@jridgewell/trace-mapping": "^0.3.24" } }, "sha512-OuLGC46TjB5BbN1dH8JULVVZY4WTdkF7tV9Ys6wLL1rubZnCMstOhNHueU5bLCrnRuDhKPDM4g6sw4Bel5Gzqg=="],

    "@jridgewell/remapping": ["@jridgewell/remapping@2.3.5", "", { "dependencies": { "@jridgewell/gen-mapping": "^0.3.5", "@jridgewell/trace-mapping": "^0.3.24" } }, "sha512-LI9u/+laYG4Ds1TDKSJW2YPrIlcVYOwi2fUC6xB43lueCjgxV4lffOCZCtYFiH6TNOX+tQKXx97T4IKHbhyHEQ=="],

    "@jridgewell/resolve-uri": ["@jridgewell/resolve-uri@3.1.2", "", {}, "sha512-bRISgCIjP20/tbWSPWMEi54QVPRZExkuD9lJL+UIxUKtwVJA8wW1Trb1jMs1RFXo1CBTNZ/5hpC9QvmKWdopKw=="],

    "@jridgewell/sourcemap-codec": ["@jridgewell/sourcemap-codec@1.5.5", "", {}, "sha512-cYQ9310grqxueWbl+WuIUIaiUaDcj7WOq5fVhEljNVgRfOUhY9fy2zTvfoqWsnebh8Sl70VScFbICvJnLKB0Og=="],

    "@jridgewell/trace-mapping": ["@jridgewell/trace-mapping@0.3.29", "", { "dependencies": { "@jridgewell/resolve-uri": "^3.1.0", "@jridgewell/sourcemap-codec": "^1.4.14" } }, "sha512-uw6guiW/gcAGPDhLmd77/6lW8QLeiV5RUTsAX46Db6oLhGaVj4lhnPwb184s1bkc8kdVg/+h988dro8GRDpmYQ=="],

    "@rolldown/pluginutils": ["@rolldown/pluginutils@1.0.0-rc.2", "", {}, "sha512-izyXV/v+cHiRfozX62W9htOAvwMo4/bXKDrQ+vom1L1qRuexPock/7VZDAhnpHCLNejd3NJ6hiab+tO0D44Rgw=="],

    "@rollup/plugin-virtual": ["@rollup/plugin-virtual@3.0.2", "", { "peerDependencies": { "rollup": "^1.20.0||^2.0.0||^3.0.0||^4.0.0" }, "optionalPeers": ["rollup"] }, "sha512-10monEYsBp3scM4/ND4LNH5Rxvh3e/cVeL3jWTgZ2SrQ+BmUoQcopVQvnaMcOnykb1VkxUFuDAN+0FnpTFRy2A=="],

    "@rollup/rollup-android-arm-eabi": ["@rollup/rollup-android-arm-eabi@4.46.2", "", { "os": "android", "cpu": "arm" }, "sha512-Zj3Hl6sN34xJtMv7Anwb5Gu01yujyE/cLBDB2gnHTAHaWS1Z38L7kuSG+oAh0giZMqG060f/YBStXtMH6FvPMA=="],

    "@rollup/rollup-android-arm64": ["@rollup/rollup-android-arm64@4.46.2", "", { "os": "android", "cpu": "arm64" }, "sha512-nTeCWY83kN64oQ5MGz3CgtPx8NSOhC5lWtsjTs+8JAJNLcP3QbLCtDDgUKQc/Ro/frpMq4SHUaHN6AMltcEoLQ=="],

    "@rollup/rollup-darwin-arm64": ["@rollup/rollup-darwin-arm64@4.46.2", "", { "os": "darwin", "cpu": "arm64" }, "sha512-HV7bW2Fb/F5KPdM/9bApunQh68YVDU8sO8BvcW9OngQVN3HHHkw99wFupuUJfGR9pYLLAjcAOA6iO+evsbBaPQ=="],

    "@rollup/rollup-darwin-x64": ["@rollup/rollup-darwin-x64@4.46.2", "", { "os": "darwin", "cpu": "x64" }, "sha512-SSj8TlYV5nJixSsm/y3QXfhspSiLYP11zpfwp6G/YDXctf3Xkdnk4woJIF5VQe0of2OjzTt8EsxnJDCdHd2xMA=="],

    "@rollup/rollup-freebsd-arm64": ["@rollup/rollup-freebsd-arm64@4.46.2", "", { "os": "freebsd", "cpu": "arm64" }, "sha512-ZyrsG4TIT9xnOlLsSSi9w/X29tCbK1yegE49RYm3tu3wF1L/B6LVMqnEWyDB26d9Ecx9zrmXCiPmIabVuLmNSg=="],

    "@rollup/rollup-freebsd-x64": ["@rollup/rollup-freebsd-x64@4.46.2", "", { "os": "freebsd", "cpu": "x64" }, "sha512-pCgHFoOECwVCJ5GFq8+gR8SBKnMO+xe5UEqbemxBpCKYQddRQMgomv1104RnLSg7nNvgKy05sLsY51+OVRyiVw=="],

    "@rollup/rollup-linux-arm-gnueabihf": ["@rollup/rollup-linux-arm-gnueabihf@4.46.2", "", { "os": "linux", "cpu": "arm" }, "sha512-EtP8aquZ0xQg0ETFcxUbU71MZlHaw9MChwrQzatiE8U/bvi5uv/oChExXC4mWhjiqK7azGJBqU0tt5H123SzVA=="],

    "@rollup/rollup-linux-arm-musleabihf": ["@rollup/rollup-linux-arm-musleabihf@4.46.2", "", { "os": "linux", "cpu": "arm" }, "sha512-qO7F7U3u1nfxYRPM8HqFtLd+raev2K137dsV08q/LRKRLEc7RsiDWihUnrINdsWQxPR9jqZ8DIIZ1zJJAm5PjQ=="],

    "@rollup/rollup-linux-arm64-gnu": ["@rollup/rollup-linux-arm64-gnu@4.46.2", "", { "os": "linux", "cpu": "arm64" }, "sha512-3dRaqLfcOXYsfvw5xMrxAk9Lb1f395gkoBYzSFcc/scgRFptRXL9DOaDpMiehf9CO8ZDRJW2z45b6fpU5nwjng=="],

    "@rollup/rollup-linux-arm64-musl": ["@rollup/rollup-linux-arm64-musl@4.46.2", "", { "os": "linux", "cpu": "arm64" }, "sha512-fhHFTutA7SM+IrR6lIfiHskxmpmPTJUXpWIsBXpeEwNgZzZZSg/q4i6FU4J8qOGyJ0TR+wXBwx/L7Ho9z0+uDg=="],

    "@rollup/rollup-linux-loongarch64-gnu": ["@rollup/rollup-linux-loongarch64-gnu@4.46.2", "", { "os": "linux", "cpu": "none" }, "sha512-i7wfGFXu8x4+FRqPymzjD+Hyav8l95UIZ773j7J7zRYc3Xsxy2wIn4x+llpunexXe6laaO72iEjeeGyUFmjKeA=="],

    "@rollup/rollup-linux-ppc64-gnu": ["@rollup/rollup-linux-ppc64-gnu@4.46.2", "", { "os": "linux", "cpu": "ppc64" }, "sha512-B/l0dFcHVUnqcGZWKcWBSV2PF01YUt0Rvlurci5P+neqY/yMKchGU8ullZvIv5e8Y1C6wOn+U03mrDylP5q9Yw=="],

    "@rollup/rollup-linux-riscv64-gnu": ["@rollup/rollup-linux-riscv64-gnu@4.46.2", "", { "os": "linux", "cpu": "none" }, "sha512-32k4ENb5ygtkMwPMucAb8MtV8olkPT03oiTxJbgkJa7lJ7dZMr0GCFJlyvy+K8iq7F/iuOr41ZdUHaOiqyR3iQ=="],

    "@rollup/rollup-linux-riscv64-musl": ["@rollup/rollup-linux-riscv64-musl@4.46.2", "", { "os": "linux", "cpu": "none" }, "sha512-t5B2loThlFEauloaQkZg9gxV05BYeITLvLkWOkRXogP4qHXLkWSbSHKM9S6H1schf/0YGP/qNKtiISlxvfmmZw=="],

    "@rollup/rollup-linux-s390x-gnu": ["@rollup/rollup-linux-s390x-gnu@4.46.2", "", { "os": "linux", "cpu": "s390x" }, "sha512-YKjekwTEKgbB7n17gmODSmJVUIvj8CX7q5442/CK80L8nqOUbMtf8b01QkG3jOqyr1rotrAnW6B/qiHwfcuWQA=="],

    "@rollup/rollup-linux-x64-gnu": ["@rollup/rollup-linux-x64-gnu@4.46.2", "", { "os": "linux", "cpu": "x64" }, "sha512-Jj5a9RUoe5ra+MEyERkDKLwTXVu6s3aACP51nkfnK9wJTraCC8IMe3snOfALkrjTYd2G1ViE1hICj0fZ7ALBPA=="],

    "@rollup/rollup-linux-x64-musl": ["@rollup/rollup-linux-x64-musl@4.46.2", "", { "os": "linux", "cpu": "x64" }, "sha512-7kX69DIrBeD7yNp4A5b81izs8BqoZkCIaxQaOpumcJ1S/kmqNFjPhDu1LHeVXv0SexfHQv5cqHsxLOjETuqDuA=="],

    "@rollup/rollup-win32-arm64-msvc": ["@rollup/rollup-win32-arm64-msvc@4.46.2", "", { "os": "win32", "cpu": "arm64" }, "sha512-wiJWMIpeaak/jsbaq2HMh/rzZxHVW1rU6coyeNNpMwk5isiPjSTx0a4YLSlYDwBH/WBvLz+EtsNqQScZTLJy3g=="],

    "@rollup/rollup-win32-ia32-msvc": ["@rollup/rollup-win32-ia32-msvc@4.46.2", "", { "os": "win32", "cpu": "ia32" }, "sha512-gBgaUDESVzMgWZhcyjfs9QFK16D8K6QZpwAaVNJxYDLHWayOta4ZMjGm/vsAEy3hvlS2GosVFlBlP9/Wb85DqQ=="],

    "@rollup/rollup-win32-x64-msvc": ["@rollup/rollup-win32-x64-msvc@4.46.2", "", { "os": "win32", "cpu": "x64" }, "sha512-CvUo2ixeIQGtF6WvuB87XWqPQkoFAFqW+HUo/WzHwuHDvIwZCtjdWXoYCcr06iKGydiqTclC4jU/TNObC/xKZg=="],

    "@swc/core": ["@swc/core@1.13.3", "", { "dependencies": { "@swc/counter": "^0.1.3", "@swc/types": "^0.1.23" }, "optionalDependencies": { "@swc/core-darwin-arm64": "1.13.3", "@swc/core-darwin-x64": "1.13.3", "@swc/core-linux-arm-gnueabihf": "1.13.3", "@swc/core-linux-arm64-gnu": "1.13.3", "@swc/core-linux-arm64-musl": "1.13.3", "@swc/core-linux-x64-gnu": "1.13.3", "@swc/core-linux-x64-musl": "1.13.3", "@swc/core-win32-arm64-msvc": "1.13.3", "@swc/core-win32-ia32-msvc": "1.13.3", "@swc/core-win32-x64-msvc": "1.13.3" }, "peerDependencies": { "@swc/helpers": ">=0.5.17" }, "optionalPeers": ["@swc/helpers"] }, "sha512-ZaDETVWnm6FE0fc+c2UE8MHYVS3Fe91o5vkmGfgwGXFbxYvAjKSqxM/j4cRc9T7VZNSJjriXq58XkfCp3Y6f+w=="],

    "@swc/core-darwin-arm64": ["@swc/core-darwin-arm64@1.13.3", "", { "os": "darwin", "cpu": "arm64" }, "sha512-ux0Ws4pSpBTqbDS9GlVP354MekB1DwYlbxXU3VhnDr4GBcCOimpocx62x7cFJkSpEBF8bmX8+/TTCGKh4PbyXw=="],

    "@swc/core-darwin-x64": ["@swc/core-darwin-x64@1.13.3", "", { "os": "darwin", "cpu": "x64" }, "sha512-p0X6yhxmNUOMZrbeZ3ZNsPige8lSlSe1llllXvpCLkKKxN/k5vZt1sULoq6Nj4eQ7KeHQVm81/+AwKZyf/e0TA=="],

    "@swc/core-linux-arm-gnueabihf": ["@swc/core-linux-arm-gnueabihf@1.13.3", "", { "os": "linux", "cpu": "arm" }, "sha512-OmDoiexL2fVWvQTCtoh0xHMyEkZweQAlh4dRyvl8ugqIPEVARSYtaj55TBMUJIP44mSUOJ5tytjzhn2KFxFcBA=="],

    "@swc/core-linux-arm64-gnu": ["@swc/core-linux-arm64-gnu@1.13.3", "", { "os": "linux", "cpu": "arm64" }, "sha512-STfKku3QfnuUj6k3g9ld4vwhtgCGYIFQmsGPPgT9MK/dI3Lwnpe5Gs5t1inoUIoGNP8sIOLlBB4HV4MmBjQuhw=="],

    "@swc/core-linux-arm64-musl": ["@swc/core-linux-arm64-musl@1.13.3", "", { "os": "linux", "cpu": "arm64" }, "sha512-bc+CXYlFc1t8pv9yZJGus372ldzOVscBl7encUBlU1m/Sig0+NDJLz6cXXRcFyl6ABNOApWeR4Yl7iUWx6C8og=="],

    "@swc/core-linux-x64-gnu": ["@swc/core-linux-x64-gnu@1.13.3", "", { "os": "linux", "cpu": "x64" }, "sha512-dFXoa0TEhohrKcxn/54YKs1iwNeW6tUkHJgXW33H381SvjKFUV53WR231jh1sWVJETjA3vsAwxKwR23s7UCmUA=="],

    "@swc/core-linux-x64-musl": ["@swc/core-linux-x64-musl@1.13.3", "", { "os": "linux", "cpu": "x64" }, "sha512-ieyjisLB+ldexiE/yD8uomaZuZIbTc8tjquYln9Quh5ykOBY7LpJJYBWvWtm1g3pHv6AXlBI8Jay7Fffb6aLfA=="],

    "@swc/core-win32-arm64-msvc": ["@swc/core-win32-arm64-msvc@1.13.3", "", { "os": "win32", "cpu": "arm64" }, "sha512-elTQpnaX5vESSbhCEgcwXjpMsnUbqqHfEpB7ewpkAsLzKEXZaK67ihSRYAuAx6ewRQTo7DS5iTT6X5aQD3MzMw=="],

    "@swc/core-win32-ia32-msvc": ["@swc/core-win32-ia32-msvc@1.13.3", "", { "os": "win32", "cpu": "ia32" }, "sha512-nvehQVEOdI1BleJpuUgPLrclJ0TzbEMc+MarXDmmiRFwEUGqj+pnfkTSb7RZyS1puU74IXdK/YhTirHurtbI9w=="],

    "@swc/core-win32-x64-msvc": ["@swc/core-win32-x64-msvc@1.13.3", "", { "os": "win32", "cpu": "x64" }, "sha512-A+JSKGkRbPLVV2Kwx8TaDAV0yXIXm/gc8m98hSkVDGlPBBmydgzNdWy3X7HTUBM7IDk7YlWE7w2+RUGjdgpTmg=="],

    "@swc/counter": ["@swc/counter@0.1.3", "", {}, "sha512-e2BR4lsJkkRlKZ/qCHPw9ZaSxc0MVUd7gtbtaB7aMvHeJVYe8sOB8DBZkP2DtISHGSku9sCK6T6cnY0CtXrOCQ=="],

    "@swc/types": ["@swc/types@0.1.24", "", { "dependencies": { "@swc/counter": "^0.1.3" } }, "sha512-tjTMh3V4vAORHtdTprLlfoMptu1WfTZG9Rsca6yOKyNYsRr+MUXutKmliB17orgSZk5DpnDxs8GUdd/qwYxOng=="],

    "@swc/wasm": ["@swc/wasm@1.13.3", "", {}, "sha512-ZhQfKxqFvrifksN8znSzes/oyfr8Q4mpKP0T8tYS/AaUzm/7v5OK22VlcTHR1gXHEtp16dlR8w+vYTFDCaUmnw=="],

    "@tailwindcss/node": ["@tailwindcss/node@4.2.0", "", { "dependencies": { "@jridgewell/remapping": "^2.3.5", "enhanced-resolve": "^5.19.0", "jiti": "^2.6.1", "lightningcss": "1.31.1", "magic-string": "^0.30.21", "source-map-js": "^1.2.1", "tailwindcss": "4.2.0" } }, "sha512-Yv+fn/o2OmL5fh/Ir62VXItdShnUxfpkMA4Y7jdeC8O81WPB8Kf6TT6GSHvnqgSwDzlB5iT7kDpeXxLsUS0T6Q=="],

    "@tailwindcss/oxide": ["@tailwindcss/oxide@4.2.0", "", { "optionalDependencies": { "@tailwindcss/oxide-android-arm64": "4.2.0", "@tailwindcss/oxide-darwin-arm64": "4.2.0", "@tailwindcss/oxide-darwin-x64": "4.2.0", "@tailwindcss/oxide-freebsd-x64": "4.2.0", "@tailwindcss/oxide-linux-arm-gnueabihf": "4.2.0", "@tailwindcss/oxide-linux-arm64-gnu": "4.2.0", "@tailwindcss/oxide-linux-arm64-musl": "4.2.0", "@tailwindcss/oxide-linux-x64-gnu": "4.2.0", "@tailwindcss/oxide-linux-x64-musl": "4.2.0", "@tailwindcss/oxide-wasm32-wasi": "4.2.0", "@tailwindcss/oxide-win32-arm64-msvc": "4.2.0", "@tailwindcss/oxide-win32-x64-msvc": "4.2.0" } }, "sha512-AZqQzADaj742oqn2xjl5JbIOzZB/DGCYF/7bpvhA8KvjUj9HJkag6bBuwZvH1ps6dfgxNHyuJVlzSr2VpMgdTQ=="],

    "@tailwindcss/oxide-android-arm64": ["@tailwindcss/oxide-android-arm64@4.2.0", "", { "os": "android", "cpu": "arm64" }, "sha512-F0QkHAVaW/JNBWl4CEKWdZ9PMb0khw5DCELAOnu+RtjAfx5Zgw+gqCHFvqg3AirU1IAd181fwOtJQ5I8Yx5wtw=="],

    "@tailwindcss/oxide-darwin-arm64": ["@tailwindcss/oxide-darwin-arm64@4.2.0", "", { "os": "darwin", "cpu": "arm64" }, "sha512-I0QylkXsBsJMZ4nkUNSR04p6+UptjcwhcVo3Zu828ikiEqHjVmQL9RuQ6uT/cVIiKpvtVA25msu/eRV97JeNSA=="],

    "@tailwindcss/oxide-darwin-x64": ["@tailwindcss/oxide-darwin-x64@4.2.0", "", { "os": "darwin", "cpu": "x64" }, "sha512-6TmQIn4p09PBrmnkvbYQ0wbZhLtbaksCDx7Y7R3FYYx0yxNA7xg5KP7dowmQ3d2JVdabIHvs3Hx4K3d5uCf8xg=="],

    "@tailwindcss/oxide-freebsd-x64": ["@tailwindcss/oxide-freebsd-x64@4.2.0", "", { "os": "freebsd", "cpu": "x64" }, "sha512-qBudxDvAa2QwGlq9y7VIzhTvp2mLJ6nD/G8/tI70DCDoneaUeLWBJaPcbfzqRIWraj+o969aDQKvKW9dvkUizw=="],

    "@tailwindcss/oxide-linux-arm-gnueabihf": ["@tailwindcss/oxide-linux-arm-gnueabihf@4.2.0", "", { "os": "linux", "cpu": "arm" }, "sha512-7XKkitpy5NIjFZNUQPeUyNJNJn1CJeV7rmMR+exHfTuOsg8rxIO9eNV5TSEnqRcaOK77zQpsyUkBWmPy8FgdSg=="],

    "@tailwindcss/oxide-linux-arm64-gnu": ["@tailwindcss/oxide-linux-arm64-gnu@4.2.0", "", { "os": "linux", "cpu": "arm64" }, "sha512-Mff5a5Q3WoQR01pGU1gr29hHM1N93xYrKkGXfPw/aRtK4bOc331Ho4Tgfsm5WDGvpevqMpdlkCojT3qlCQbCpA=="],

    "@tailwindcss/oxide-linux-arm64-musl": ["@tailwindcss/oxide-linux-arm64-musl@4.2.0", "", { "os": "linux", "cpu": "arm64" }, "sha512-XKcSStleEVnbH6W/9DHzZv1YhjE4eSS6zOu2eRtYAIh7aV4o3vIBs+t/B15xlqoxt6ef/0uiqJVB6hkHjWD/0A=="],

    "@tailwindcss/oxide-linux-x64-gnu": ["@tailwindcss/oxide-linux-x64-gnu@4.2.0", "", { "os": "linux", "cpu": "x64" }, "sha512-/hlXCBqn9K6fi7eAM0RsobHwJYa5V/xzWspVTzxnX+Ft9v6n+30Pz8+RxCn7sQL/vRHHLS30iQPrHQunu6/vJA=="],

    "@tailwindcss/oxide-linux-x64-musl": ["@tailwindcss/oxide-linux-x64-musl@4.2.0", "", { "os": "linux", "cpu": "x64" }, "sha512-lKUaygq4G7sWkhQbfdRRBkaq4LY39IriqBQ+Gk6l5nKq6Ay2M2ZZb1tlIyRNgZKS8cbErTwuYSor0IIULC0SHw=="],

    "@tailwindcss/oxide-wasm32-wasi": ["@tailwindcss/oxide-wasm32-wasi@4.2.0", "", { "dependencies": { "@emnapi/core": "^1.8.1", "@emnapi/runtime": "^1.8.1", "@emnapi/wasi-threads": "^1.1.0", "@napi-rs/wasm-runtime": "^1.1.1", "@tybys/wasm-util": "^0.10.1", "tslib": "^2.8.1" }, "cpu": "none" }, "sha512-xuDjhAsFdUuFP5W9Ze4k/o4AskUtI8bcAGU4puTYprr89QaYFmhYOPfP+d1pH+k9ets6RoE23BXZM1X1jJqoyw=="],

    "@tailwindcss/oxide-win32-arm64-msvc": ["@tailwindcss/oxide-win32-arm64-msvc@4.2.0", "", { "os": "win32", "cpu": "arm64" }, "sha512-2UU/15y1sWDEDNJXxEIrfWKC2Yb4YgIW5Xz2fKFqGzFWfoMHWFlfa1EJlGO2Xzjkq/tvSarh9ZTjvbxqWvLLXA=="],

    "@tailwindcss/oxide-win32-x64-msvc": ["@tailwindcss/oxide-win32-x64-msvc@4.2.0", "", { "os": "win32", "cpu": "x64" }, "sha512-CrFadmFoc+z76EV6LPG1jx6XceDsaCG3lFhyLNo/bV9ByPrE+FnBPckXQVP4XRkN76h3Fjt/a+5Er/oA/nCBvQ=="],

    "@tailwindcss/vite": ["@tailwindcss/vite@4.2.0", "", { "dependencies": { "@tailwindcss/node": "4.2.0", "@tailwindcss/oxide": "4.2.0", "tailwindcss": "4.2.0" }, "peerDependencies": { "vite": "^5.2.0 || ^6 || ^7" } }, "sha512-da9mFCaHpoOgtQiWtDGIikTrSpUFBtIZCG3jy/u2BGV+l/X1/pbxzmIUxNt6JWm19N3WtGi4KlJdSH/Si83WOA=="],

    "@tauri-apps/api": ["@tauri-apps/api@2.10.1", "", {}, "sha512-hKL/jWf293UDSUN09rR69hrToyIXBb8CjGaWC7gfinvnQrBVvnLr08FeFi38gxtugAVyVcTa5/FD/Xnkb1siBw=="],

    "@tauri-apps/cli": ["@tauri-apps/cli@2.10.0", "", { "optionalDependencies": { "@tauri-apps/cli-darwin-arm64": "2.10.0", "@tauri-apps/cli-darwin-x64": "2.10.0", "@tauri-apps/cli-linux-arm-gnueabihf": "2.10.0", "@tauri-apps/cli-linux-arm64-gnu": "2.10.0", "@tauri-apps/cli-linux-arm64-musl": "2.10.0", "@tauri-apps/cli-linux-riscv64-gnu": "2.10.0", "@tauri-apps/cli-linux-x64-gnu": "2.10.0", "@tauri-apps/cli-linux-x64-musl": "2.10.0", "@tauri-apps/cli-win32-arm64-msvc": "2.10.0", "@tauri-apps/cli-win32-ia32-msvc": "2.10.0", "@tauri-apps/cli-win32-x64-msvc": "2.10.0" }, "bin": { "tauri": "tauri.js" } }, "sha512-ZwT0T+7bw4+DPCSWzmviwq5XbXlM0cNoleDKOYPFYqcZqeKY31KlpoMW/MOON/tOFBPgi31a2v3w9gliqwL2+Q=="],

    "@tauri-apps/cli-darwin-arm64": ["@tauri-apps/cli-darwin-arm64@2.10.0", "", { "os": "darwin", "cpu": "arm64" }, "sha512-avqHD4HRjrMamE/7R/kzJPcAJnZs0IIS+1nkDP5b+TNBn3py7N2aIo9LIpy+VQq0AkN8G5dDpZtOOBkmWt/zjA=="],

    "@tauri-apps/cli-darwin-x64": ["@tauri-apps/cli-darwin-x64@2.10.0", "", { "os": "darwin", "cpu": "x64" }, "sha512-keDmlvJRStzVFjZTd0xYkBONLtgBC9eMTpmXnBXzsHuawV2q9PvDo2x6D5mhuoMVrJ9QWjgaPKBBCFks4dK71Q=="],

    "@tauri-apps/cli-linux-arm-gnueabihf": ["@tauri-apps/cli-linux-arm-gnueabihf@2.10.0", "", { "os": "linux", "cpu": "arm" }, "sha512-e5u0VfLZsMAC9iHaOEANumgl6lfnJx0Dtjkd8IJpysZ8jp0tJ6wrIkto2OzQgzcYyRCKgX72aKE0PFgZputA8g=="],

    "@tauri-apps/cli-linux-arm64-gnu": ["@tauri-apps/cli-linux-arm64-gnu@2.10.0", "", { "os": "linux", "cpu": "arm64" }, "sha512-YrYYk2dfmBs5m+OIMCrb+JH/oo+4FtlpcrTCgiFYc7vcs6m3QDd1TTyWu0u01ewsCtK2kOdluhr/zKku+KP7HA=="],

    "@tauri-apps/cli-linux-arm64-musl": ["@tauri-apps/cli-linux-arm64-musl@2.10.0", "", { "os": "linux", "cpu": "arm64" }, "sha512-GUoPdVJmrJRIXFfW3Rkt+eGK9ygOdyISACZfC/bCSfOnGt8kNdQIQr5WRH9QUaTVFIwxMlQyV3m+yXYP+xhSVA=="],

    "@tauri-apps/cli-linux-riscv64-gnu": ["@tauri-apps/cli-linux-riscv64-gnu@2.10.0", "", { "os": "linux", "cpu": "none" }, "sha512-JO7s3TlSxshwsoKNCDkyvsx5gw2QAs/Y2GbR5UE2d5kkU138ATKoPOtxn8G1fFT1aDW4LH0rYAAfBpGkDyJJnw=="],

    "@tauri-apps/cli-linux-x64-gnu": ["@tauri-apps/cli-linux-x64-gnu@2.10.0", "", { "os": "linux", "cpu": "x64" }, "sha512-Uvh4SUUp4A6DVRSMWjelww0GnZI3PlVy7VS+DRF5napKuIehVjGl9XD0uKoCoxwAQBLctvipyEK+pDXpJeoHng=="],

    "@tauri-apps/cli-linux-x64-musl": ["@tauri-apps/cli-linux-x64-musl@2.10.0", "", { "os": "linux", "cpu": "x64" }, "sha512-AP0KRK6bJuTpQ8kMNWvhIpKUkQJfcPFeba7QshOQZjJ8wOS6emwTN4K5g/d3AbCMo0RRdnZWwu67MlmtJyxC1Q=="],

    "@tauri-apps/cli-win32-arm64-msvc": ["@tauri-apps/cli-win32-arm64-msvc@2.10.0", "", { "os": "win32", "cpu": "arm64" }, "sha512-97DXVU3dJystrq7W41IX+82JEorLNY+3+ECYxvXWqkq7DBN6FsA08x/EFGE8N/b0LTOui9X2dvpGGoeZKKV08g=="],

    "@tauri-apps/cli-win32-ia32-msvc": ["@tauri-apps/cli-win32-ia32-msvc@2.10.0", "", { "os": "win32", "cpu": "ia32" }, "sha512-EHyQ1iwrWy1CwMalEm9z2a6L5isQ121pe7FcA2xe4VWMJp+GHSDDGvbTv/OPdkt2Lyr7DAZBpZHM6nvlHXEc4A=="],

    "@tauri-apps/cli-win32-x64-msvc": ["@tauri-apps/cli-win32-x64-msvc@2.10.0", "", { "os": "win32", "cpu": "x64" }, "sha512-NTpyQxkpzGmU6ceWBTY2xRIEaS0ZLbVx1HE1zTA3TY/pV3+cPoPPOs+7YScr4IMzXMtOw7tLw5LEXo5oIG3qaQ=="],

    "@tauri-apps/plugin-autostart": ["@tauri-apps/plugin-autostart@2.5.1", "", { "dependencies": { "@tauri-apps/api": "^2.8.0" } }, "sha512-zS/xx7yzveCcotkA+8TqkI2lysmG2wvQXv2HGAVExITmnFfHAdj1arGsbbfs3o6EktRHf6l34pJxc3YGG2mg7w=="],

    "@tauri-apps/plugin-fs": ["@tauri-apps/plugin-fs@2.4.5", "", { "dependencies": { "@tauri-apps/api": "^2.8.0" } }, "sha512-dVxWWGE6VrOxC7/jlhyE+ON/Cc2REJlM35R3PJX3UvFw2XwYhLGQVAIyrehenDdKjotipjYEVc4YjOl3qq90fA=="],

    "@tauri-apps/plugin-http": ["@tauri-apps/plugin-http@2.5.7", "", { "dependencies": { "@tauri-apps/api": "^2.10.1" } }, "sha512-+F2lEH/c9b0zSsOXKq+5hZNcd9F4IIKCK1T17RqMwpCmVnx2aoqY8yIBccCd25HTYUb3j6NPVbRax/m00hKG8A=="],

    "@tauri-apps/plugin-opener": ["@tauri-apps/plugin-opener@2.5.3", "", { "dependencies": { "@tauri-apps/api": "^2.8.0" } }, "sha512-CCcUltXMOfUEArbf3db3kCE7Ggy1ExBEBl51Ko2ODJ6GDYHRp1nSNlQm5uNCFY5k7/ufaK5Ib3Du/Zir19IYQQ=="],

    "@tauri-apps/plugin-os": ["@tauri-apps/plugin-os@2.3.2", "", { "dependencies": { "@tauri-apps/api": "^2.8.0" } }, "sha512-n+nXWeuSeF9wcEsSPmRnBEGrRgOy6jjkSU+UVCOV8YUGKb2erhDOxis7IqRXiRVHhY8XMKks00BJ0OAdkpf6+A=="],

    "@tauri-apps/plugin-store": ["@tauri-apps/plugin-store@2.4.2", "", { "dependencies": { "@tauri-apps/api": "^2.8.0" } }, "sha512-0ClHS50Oq9HEvLPhNzTNFxbWVOqoAp3dRvtewQBeqfIQ0z5m3JRnOISIn2ZVPCrQC0MyGyhTS9DWhHjpigQE7A=="],

    "@types/estree": ["@types/estree@1.0.8", "", {}, "sha512-dWHzHa2WqEXI/O1E9OjrocMTKJl2mSrEolh1Iomrv6U+JuNwaHXsXx9bLu5gG7BUWFIN0skIQJQ/L1rIex4X6w=="],

    "@types/trusted-types": ["@types/trusted-types@2.0.7", "", {}, "sha512-ScaPdn1dQczgbl0QFTeTOmVHFULt394XJgOQNoyVhZ6r2vLnMLJfBPd53SB52T/3G36VI1/g2MZaX0cwDuXsfw=="],

    "@types/web-bluetooth": ["@types/web-bluetooth@0.0.21", "", {}, "sha512-oIQLCGWtcFZy2JW77j9k8nHzAOpqMHLQejDA48XXMWH6tjCQHz5RCFz1bzsmROyL6PUm+LLnUiI4BCn221inxA=="],

    "@vitejs/plugin-vue": ["@vitejs/plugin-vue@6.0.4", "", { "dependencies": { "@rolldown/pluginutils": "1.0.0-rc.2" }, "peerDependencies": { "vite": "^5.0.0 || ^6.0.0 || ^7.0.0 || ^8.0.0-0", "vue": "^3.2.25" } }, "sha512-uM5iXipgYIn13UUQCZNdWkYk+sysBeA97d5mHsAoAt1u/wpN3+zxOmsVJWosuzX+IMGRzeYUNytztrYznboIkQ=="],

    "@volar/language-core": ["@volar/language-core@2.4.28", "", { "dependencies": { "@volar/source-map": "2.4.28" } }, "sha512-w4qhIJ8ZSitgLAkVay6AbcnC7gP3glYM3fYwKV3srj8m494E3xtrCv6E+bWviiK/8hs6e6t1ij1s2Endql7vzQ=="],

    "@volar/source-map": ["@volar/source-map@2.4.28", "", {}, "sha512-yX2BDBqJkRXfKw8my8VarTyjv48QwxdJtvRgUpNE5erCsgEUdI2DsLbpa+rOQVAJYshY99szEcRDmyHbF10ggQ=="],

    "@volar/typescript": ["@volar/typescript@2.4.28", "", { "dependencies": { "@volar/language-core": "2.4.28", "path-browserify": "^1.0.1", "vscode-uri": "^3.0.8" } }, "sha512-Ja6yvWrbis2QtN4ClAKreeUZPVYMARDYZl9LMEv1iQ1QdepB6wn0jTRxA9MftYmYa4DQ4k/DaSZpFPUfxl8giw=="],

    "@vue/compiler-core": ["@vue/compiler-core@3.5.28", "", { "dependencies": { "@babel/parser": "^7.29.0", "@vue/shared": "3.5.28", "entities": "^7.0.1", "estree-walker": "^2.0.2", "source-map-js": "^1.2.1" } }, "sha512-kviccYxTgoE8n6OCw96BNdYlBg2GOWfBuOW4Vqwrt7mSKWKwFVvI8egdTltqRgITGPsTFYtKYfxIG8ptX2PJHQ=="],

    "@vue/compiler-dom": ["@vue/compiler-dom@3.5.28", "", { "dependencies": { "@vue/compiler-core": "3.5.28", "@vue/shared": "3.5.28" } }, "sha512-/1ZepxAb159jKR1btkefDP+J2xuWL5V3WtleRmxaT+K2Aqiek/Ab/+Ebrw2pPj0sdHO8ViAyyJWfhXXOP/+LQA=="],

    "@vue/compiler-sfc": ["@vue/compiler-sfc@3.5.28", "", { "dependencies": { "@babel/parser": "^7.29.0", "@vue/compiler-core": "3.5.28", "@vue/compiler-dom": "3.5.28", "@vue/compiler-ssr": "3.5.28", "@vue/shared": "3.5.28", "estree-walker": "^2.0.2", "magic-string": "^0.30.21", "postcss": "^8.5.6", "source-map-js": "^1.2.1" } }, "sha512-6TnKMiNkd6u6VeVDhZn/07KhEZuBSn43Wd2No5zaP5s3xm8IqFTHBj84HJah4UepSUJTro5SoqqlOY22FKY96g=="],

    "@vue/compiler-ssr": ["@vue/compiler-ssr@3.5.28", "", { "dependencies": { "@vue/compiler-dom": "3.5.28", "@vue/shared": "3.5.28" } }, "sha512-JCq//9w1qmC6UGLWJX7RXzrGpKkroubey/ZFqTpvEIDJEKGgntuDMqkuWiZvzTzTA5h2qZvFBFHY7fAAa9475g=="],

    "@vue/language-core": ["@vue/language-core@3.2.5", "", { "dependencies": { "@volar/language-core": "2.4.28", "@vue/compiler-dom": "^3.5.0", "@vue/shared": "^3.5.0", "alien-signals": "^3.0.0", "muggle-string": "^0.4.1", "path-browserify": "^1.0.1", "picomatch": "^4.0.2" } }, "sha512-d3OIxN/+KRedeM5wQ6H6NIpwS3P5gC9nmyaHgBk+rO6dIsjY+tOh4UlPpiZbAh3YtLdCGEX4M16RmsBqPmJV+g=="],

    "@vue/reactivity": ["@vue/reactivity@3.5.28", "", { "dependencies": { "@vue/shared": "3.5.28" } }, "sha512-gr5hEsxvn+RNyu9/9o1WtdYdwDjg5FgjUSBEkZWqgTKlo/fvwZ2+8W6AfKsc9YN2k/+iHYdS9vZYAhpi10kNaw=="],

    "@vue/runtime-core": ["@vue/runtime-core@3.5.28", "", { "dependencies": { "@vue/reactivity": "3.5.28", "@vue/shared": "3.5.28" } }, "sha512-POVHTdbgnrBBIpnbYU4y7pOMNlPn2QVxVzkvEA2pEgvzbelQq4ZOUxbp2oiyo+BOtiYlm8Q44wShHJoBvDPAjQ=="],

    "@vue/runtime-dom": ["@vue/runtime-dom@3.5.28", "", { "dependencies": { "@vue/reactivity": "3.5.28", "@vue/runtime-core": "3.5.28", "@vue/shared": "3.5.28", "csstype": "^3.2.3" } }, "sha512-4SXxSF8SXYMuhAIkT+eBRqOkWEfPu6nhccrzrkioA6l0boiq7sp18HCOov9qWJA5HML61kW8p/cB4MmBiG9dSA=="],

    "@vue/server-renderer": ["@vue/server-renderer@3.5.28", "", { "dependencies": { "@vue/compiler-ssr": "3.5.28", "@vue/shared": "3.5.28" }, "peerDependencies": { "vue": "3.5.28" } }, "sha512-pf+5ECKGj8fX95bNincbzJ6yp6nyzuLDhYZCeFxUNp8EBrQpPpQaLX3nNCp49+UbgbPun3CeVE+5CXVV1Xydfg=="],

    "@vue/shared": ["@vue/shared@3.5.28", "", {}, "sha512-cfWa1fCGBxrvaHRhvV3Is0MgmrbSCxYTXCSCau2I0a1Xw1N1pHAvkWCiXPRAqjvToILvguNyEwjevUqAuBQWvQ=="],

    "@vueuse/core": ["@vueuse/core@14.2.1", "", { "dependencies": { "@types/web-bluetooth": "^0.0.21", "@vueuse/metadata": "14.2.1", "@vueuse/shared": "14.2.1" }, "peerDependencies": { "vue": "^3.5.0" } }, "sha512-3vwDzV+GDUNpdegRY6kzpLm4Igptq+GA0QkJ3W61Iv27YWwW/ufSlOfgQIpN6FZRMG0mkaz4gglJRtq5SeJyIQ=="],

    "@vueuse/metadata": ["@vueuse/metadata@14.2.1", "", {}, "sha512-1ButlVtj5Sb/HDtIy1HFr1VqCP4G6Ypqt5MAo0lCgjokrk2mvQKsK2uuy0vqu/Ks+sHfuHo0B9Y9jn9xKdjZsw=="],

    "@vueuse/shared": ["@vueuse/shared@14.2.1", "", { "peerDependencies": { "vue": "^3.5.0" } }, "sha512-shTJncjV9JTI4oVNyF1FQonetYAiTBd+Qj7cY89SWbXSkx7gyhrgtEdF2ZAVWS1S3SHlaROO6F2IesJxQEkZBw=="],

    "alien-signals": ["alien-signals@3.1.1", "", {}, "sha512-ogkIWbVrLwKtHY6oOAXaYkAxP+cTH7V5FZ5+Tm4NZFd8VDZ6uNMDrfzqctTZ42eTMCSR3ne3otpcxmqSnFfPYA=="],

    "autoprefixer": ["autoprefixer@10.4.24", "", { "dependencies": { "browserslist": "^4.28.1", "caniuse-lite": "^1.0.30001766", "fraction.js": "^5.3.4", "picocolors": "^1.1.1", "postcss-value-parser": "^4.2.0" }, "peerDependencies": { "postcss": "^8.1.0" }, "bin": { "autoprefixer": "bin/autoprefixer" } }, "sha512-uHZg7N9ULTVbutaIsDRoUkoS8/h3bdsmVJYZ5l3wv8Cp/6UIIoRDm90hZ+BwxUj/hGBEzLxdHNSKuFpn8WOyZw=="],

    "baseline-browser-mapping": ["baseline-browser-mapping@2.9.5", "", { "bin": { "baseline-browser-mapping": "dist/cli.js" } }, "sha512-D5vIoztZOq1XM54LUdttJVc96ggEsIfju2JBvht06pSzpckp3C7HReun67Bghzrtdsq9XdMGbSSB3v3GhMNmAA=="],

    "browserslist": ["browserslist@4.28.1", "", { "dependencies": { "baseline-browser-mapping": "^2.9.0", "caniuse-lite": "^1.0.30001759", "electron-to-chromium": "^1.5.263", "node-releases": "^2.0.27", "update-browserslist-db": "^1.2.0" }, "bin": { "browserslist": "cli.js" } }, "sha512-ZC5Bd0LgJXgwGqUknZY/vkUQ04r8NXnJZ3yYi4vDmSiZmC/pdSN0NbNRPxZpbtO4uAfDUAFffO8IZoM3Gj8IkA=="],

    "caniuse-lite": ["caniuse-lite@1.0.30001772", "", {}, "sha512-mIwLZICj+ntVTw4BT2zfp+yu/AqV6GMKfJVJMx3MwPxs+uk/uj2GLl2dH8LQbjiLDX66amCga5nKFyDgRR43kg=="],

    "csstype": ["csstype@3.2.3", "", {}, "sha512-z1HGKcYy2xA8AGQfwrn0PAy+PB7X/GSj3UVJW9qKyn43xWa+gl5nXmU4qqLMRzWVLFC8KusUX8T/0kCiOYpAIQ=="],

    "detect-libc": ["detect-libc@2.0.4", "", {}, "sha512-3UDv+G9CsCKO1WKMGw9fwq/SWJYbI0c5Y7LU1AXYoDdbhE2AHQ6N6Nb34sG8Fj7T5APy8qXDCKuuIHd1BR0tVA=="],

    "dompurify": ["dompurify@3.2.7", "", { "optionalDependencies": { "@types/trusted-types": "^2.0.7" } }, "sha512-WhL/YuveyGXJaerVlMYGWhvQswa7myDG17P7Vu65EWC05o8vfeNbvNf4d/BOvH99+ZW+LlQsc1GDKMa1vNK6dw=="],

    "electron-to-chromium": ["electron-to-chromium@1.5.266", "", {}, "sha512-kgWEglXvkEfMH7rxP5OSZZwnaDWT7J9EoZCujhnpLbfi0bbNtRkgdX2E3gt0Uer11c61qCYktB3hwkAS325sJg=="],

    "enhanced-resolve": ["enhanced-resolve@5.19.0", "", { "dependencies": { "graceful-fs": "^4.2.4", "tapable": "^2.3.0" } }, "sha512-phv3E1Xl4tQOShqSte26C7Fl84EwUdZsyOuSSk9qtAGyyQs2s3jJzComh+Abf4g187lUUAvH+H26omrqia2aGg=="],

    "entities": ["entities@7.0.1", "", {}, "sha512-TWrgLOFUQTH994YUyl1yT4uyavY5nNB5muff+RtWaqNVCAK408b5ZnnbNAUEWLTCpum9w6arT70i1XdQ4UeOPA=="],

    "esbuild": ["esbuild@0.27.2", "", { "optionalDependencies": { "@esbuild/aix-ppc64": "0.27.2", "@esbuild/android-arm": "0.27.2", "@esbuild/android-arm64": "0.27.2", "@esbuild/android-x64": "0.27.2", "@esbuild/darwin-arm64": "0.27.2", "@esbuild/darwin-x64": "0.27.2", "@esbuild/freebsd-arm64": "0.27.2", "@esbuild/freebsd-x64": "0.27.2", "@esbuild/linux-arm": "0.27.2", "@esbuild/linux-arm64": "0.27.2", "@esbuild/linux-ia32": "0.27.2", "@esbuild/linux-loong64": "0.27.2", "@esbuild/linux-mips64el": "0.27.2", "@esbuild/linux-ppc64": "0.27.2", "@esbuild/linux-riscv64": "0.27.2", "@esbuild/linux-s390x": "0.27.2", "@esbuild/linux-x64": "0.27.2", "@esbuild/netbsd-arm64": "0.27.2", "@esbuild/netbsd-x64": "0.27.2", "@esbuild/openbsd-arm64": "0.27.2", "@esbuild/openbsd-x64": "0.27.2", "@esbuild/openharmony-arm64": "0.27.2", "@esbuild/sunos-x64": "0.27.2", "@esbuild/win32-arm64": "0.27.2", "@esbuild/win32-ia32": "0.27.2", "@esbuild/win32-x64": "0.27.2" }, "bin": { "esbuild": "bin/esbuild" } }, "sha512-HyNQImnsOC7X9PMNaCIeAm4ISCQXs5a5YasTXVliKv4uuBo1dKrG0A+uQS8M5eXjVMnLg3WgXaKvprHlFJQffw=="],

    "escalade": ["escalade@3.2.0", "", {}, "sha512-WUj2qlxaQtO4g6Pq5c29GTcWGDyd8itL8zTlipgECz3JesAiiOKotd8JU6otB3PACgG6xkJUyVhboMS+bje/jA=="],

    "estree-walker": ["estree-walker@2.0.2", "", {}, "sha512-Rfkk/Mp/DL7JVje3u18FxFujQlTNR2q6QfMSMB7AvCBx91NGj/ba3kCfza0f6dVDbw7YlRf/nDrn7pQrCCyQ/w=="],

    "fdir": ["fdir@6.5.0", "", { "peerDependencies": { "picomatch": "^3 || ^4" }, "optionalPeers": ["picomatch"] }, "sha512-tIbYtZbucOs0BRGqPJkshJUYdL+SDH7dVM8gjy+ERp3WAUjLEFJE+02kanyHtwjWOnwrKYBiwAmM0p4kLJAnXg=="],

    "fraction.js": ["fraction.js@5.3.4", "", {}, "sha512-1X1NTtiJphryn/uLQz3whtY6jK3fTqoE3ohKs0tT+Ujr1W59oopxmoEh7Lu5p6vBaPbgoM0bzveAW4Qi5RyWDQ=="],

    "fsevents": ["fsevents@2.3.3", "", { "os": "darwin" }, "sha512-5xoDfX+fL7faATnagmWPpbFtwh/R77WmMMqqHGS65C3vvB0YHrgF+B1YmZ3441tMj5n63k0212XNoJwzlhffQw=="],

    "graceful-fs": ["graceful-fs@4.2.11", "", {}, "sha512-RbJ5/jmFcNNCcDV5o9eTnBLJ/HszWV0P73bc+Ff4nS/rJj+YaS6IGyiOL0VoBYX+l1Wrl3k63h/KrH+nhJ0XvQ=="],

    "jiti": ["jiti@2.6.1", "", { "bin": { "jiti": "lib/jiti-cli.mjs" } }, "sha512-ekilCSN1jwRvIbgeg/57YFh8qQDNbwDb9xT/qu2DAHbFFZUicIl4ygVaAvzveMhMVr3LnpSKTNnwt8PoOfmKhQ=="],

    "lightningcss": ["lightningcss@1.31.1", "", { "dependencies": { "detect-libc": "^2.0.3" }, "optionalDependencies": { "lightningcss-android-arm64": "1.31.1", "lightningcss-darwin-arm64": "1.31.1", "lightningcss-darwin-x64": "1.31.1", "lightningcss-freebsd-x64": "1.31.1", "lightningcss-linux-arm-gnueabihf": "1.31.1", "lightningcss-linux-arm64-gnu": "1.31.1", "lightningcss-linux-arm64-musl": "1.31.1", "lightningcss-linux-x64-gnu": "1.31.1", "lightningcss-linux-x64-musl": "1.31.1", "lightningcss-win32-arm64-msvc": "1.31.1", "lightningcss-win32-x64-msvc": "1.31.1" } }, "sha512-l51N2r93WmGUye3WuFoN5k10zyvrVs0qfKBhyC5ogUQ6Ew6JUSswh78mbSO+IU3nTWsyOArqPCcShdQSadghBQ=="],

    "lightningcss-android-arm64": ["lightningcss-android-arm64@1.31.1", "", { "os": "android", "cpu": "arm64" }, "sha512-HXJF3x8w9nQ4jbXRiNppBCqeZPIAfUo8zE/kOEGbW5NZvGc/K7nMxbhIr+YlFlHW5mpbg/YFPdbnCh1wAXCKFg=="],

    "lightningcss-darwin-arm64": ["lightningcss-darwin-arm64@1.31.1", "", { "os": "darwin", "cpu": "arm64" }, "sha512-02uTEqf3vIfNMq3h/z2cJfcOXnQ0GRwQrkmPafhueLb2h7mqEidiCzkE4gBMEH65abHRiQvhdcQ+aP0D0g67sg=="],

    "lightningcss-darwin-x64": ["lightningcss-darwin-x64@1.31.1", "", { "os": "darwin", "cpu": "x64" }, "sha512-1ObhyoCY+tGxtsz1lSx5NXCj3nirk0Y0kB/g8B8DT+sSx4G9djitg9ejFnjb3gJNWo7qXH4DIy2SUHvpoFwfTA=="],

    "lightningcss-freebsd-x64": ["lightningcss-freebsd-x64@1.31.1", "", { "os": "freebsd", "cpu": "x64" }, "sha512-1RINmQKAItO6ISxYgPwszQE1BrsVU5aB45ho6O42mu96UiZBxEXsuQ7cJW4zs4CEodPUioj/QrXW1r9pLUM74A=="],

    "lightningcss-linux-arm-gnueabihf": ["lightningcss-linux-arm-gnueabihf@1.31.1", "", { "os": "linux", "cpu": "arm" }, "sha512-OOCm2//MZJ87CdDK62rZIu+aw9gBv4azMJuA8/KB74wmfS3lnC4yoPHm0uXZ/dvNNHmnZnB8XLAZzObeG0nS1g=="],

    "lightningcss-linux-arm64-gnu": ["lightningcss-linux-arm64-gnu@1.31.1", "", { "os": "linux", "cpu": "arm64" }, "sha512-WKyLWztD71rTnou4xAD5kQT+982wvca7E6QoLpoawZ1gP9JM0GJj4Tp5jMUh9B3AitHbRZ2/H3W5xQmdEOUlLg=="],

    "lightningcss-linux-arm64-musl": ["lightningcss-linux-arm64-musl@1.31.1", "", { "os": "linux", "cpu": "arm64" }, "sha512-mVZ7Pg2zIbe3XlNbZJdjs86YViQFoJSpc41CbVmKBPiGmC4YrfeOyz65ms2qpAobVd7WQsbW4PdsSJEMymyIMg=="],

    "lightningcss-linux-x64-gnu": ["lightningcss-linux-x64-gnu@1.31.1", "", { "os": "linux", "cpu": "x64" }, "sha512-xGlFWRMl+0KvUhgySdIaReQdB4FNudfUTARn7q0hh/V67PVGCs3ADFjw+6++kG1RNd0zdGRlEKa+T13/tQjPMA=="],

    "lightningcss-linux-x64-musl": ["lightningcss-linux-x64-musl@1.31.1", "", { "os": "linux", "cpu": "x64" }, "sha512-eowF8PrKHw9LpoZii5tdZwnBcYDxRw2rRCyvAXLi34iyeYfqCQNA9rmUM0ce62NlPhCvof1+9ivRaTY6pSKDaA=="],

    "lightningcss-win32-arm64-msvc": ["lightningcss-win32-arm64-msvc@1.31.1", "", { "os": "win32", "cpu": "arm64" }, "sha512-aJReEbSEQzx1uBlQizAOBSjcmr9dCdL3XuC/6HLXAxmtErsj2ICo5yYggg1qOODQMtnjNQv2UHb9NpOuFtYe4w=="],

    "lightningcss-win32-x64-msvc": ["lightningcss-win32-x64-msvc@1.31.1", "", { "os": "win32", "cpu": "x64" }, "sha512-I9aiFrbd7oYHwlnQDqr1Roz+fTz61oDDJX7n9tYF9FJymH1cIN1DtKw3iYt6b8WZgEjoNwVSncwF4wx/ZedMhw=="],

    "lucide-vue-next": ["lucide-vue-next@0.575.0", "", { "peerDependencies": { "vue": ">=3.0.1" } }, "sha512-UHzA3cYMCgBLyGay5R9IQaidwV0NLocx7cIBnFt8vJ9Xhl6IM/oKD0fUhoCUuouFta15SX1rLXVoko9s3TzWMA=="],

    "magic-string": ["magic-string@0.30.21", "", { "dependencies": { "@jridgewell/sourcemap-codec": "^1.5.5" } }, "sha512-vd2F4YUyEXKGcLHoq+TEyCjxueSeHnFxyyjNp80yg0XV4vUhnDer/lvvlqM/arB5bXQN5K2/3oinyCRyx8T2CQ=="],

    "marked": ["marked@14.0.0", "", { "bin": { "marked": "bin/marked.js" } }, "sha512-uIj4+faQ+MgHgwUW1l2PsPglZLOLOT1uErt06dAPtx2kjteLAkbsd/0FiYg/MGS+i7ZKLb7w2WClxHkzOOuryQ=="],

    "monaco-editor": ["monaco-editor@0.55.1", "", { "dependencies": { "dompurify": "3.2.7", "marked": "14.0.0" } }, "sha512-jz4x+TJNFHwHtwuV9vA9rMujcZRb0CEilTEwG2rRSpe/A7Jdkuj8xPKttCgOh+v/lkHy7HsZ64oj+q3xoAFl9A=="],

    "muggle-string": ["muggle-string@0.4.1", "", {}, "sha512-VNTrAak/KhO2i8dqqnqnAHOa3cYBwXEZe9h+D5h/1ZqFSTEFHdM65lR7RoIqq3tBBYavsOXV84NoHXZ0AkPyqQ=="],

    "nanoid": ["nanoid@3.3.11", "", { "bin": { "nanoid": "bin/nanoid.cjs" } }, "sha512-N8SpfPUnUp1bK+PMYW8qSWdl9U+wwNWI4QKxOYDy9JAro3WMX7p2OeVRF9v+347pnakNevPmiHhNmZ2HbFA76w=="],

    "node-releases": ["node-releases@2.0.27", "", {}, "sha512-nmh3lCkYZ3grZvqcCH+fjmQ7X+H0OeZgP40OierEaAptX4XofMh5kwNbWh7lBduUzCcV/8kZ+NDLCwm2iorIlA=="],

    "path-browserify": ["path-browserify@1.0.1", "", {}, "sha512-b7uo2UCUOYZcnF/3ID0lulOJi/bafxa1xPe7ZPsammBSpjSWQkjNxlt635YGS2MiR9GjvuXCtz2emr3jbsz98g=="],

    "picocolors": ["picocolors@1.1.1", "", {}, "sha512-xceH2snhtb5M9liqDsmEw56le376mTZkEX/jEb/RxNFyegNul7eNslCXP9FDj/Lcu0X8KEyMceP2ntpaHrDEVA=="],

    "picomatch": ["picomatch@4.0.3", "", {}, "sha512-5gTmgEY/sqK6gFXLIsQNH19lWb4ebPDLA4SdLP7dsWkIXHWlG66oPuVvXSGFPppYZz8ZDZq0dYYrbHfBCVUb1Q=="],

    "postcss": ["postcss@8.5.6", "", { "dependencies": { "nanoid": "^3.3.11", "picocolors": "^1.1.1", "source-map-js": "^1.2.1" } }, "sha512-3Ybi1tAuwAP9s0r1UQ2J4n5Y0G05bJkpUIO0/bI9MhwmD70S5aTWbXGBwxHrelT+XM1k6dM0pk+SwNkpTRN7Pg=="],

    "postcss-value-parser": ["postcss-value-parser@4.2.0", "", {}, "sha512-1NNCs6uurfkVbeXG4S8JFT9t19m45ICnif8zWLd5oPSZ50QnwMfK+H3jv408d4jw/7Bttv5axS5IiHoLaVNHeQ=="],

    "rollup": ["rollup@4.46.2", "", { "dependencies": { "@types/estree": "1.0.8" }, "optionalDependencies": { "@rollup/rollup-android-arm-eabi": "4.46.2", "@rollup/rollup-android-arm64": "4.46.2", "@rollup/rollup-darwin-arm64": "4.46.2", "@rollup/rollup-darwin-x64": "4.46.2", "@rollup/rollup-freebsd-arm64": "4.46.2", "@rollup/rollup-freebsd-x64": "4.46.2", "@rollup/rollup-linux-arm-gnueabihf": "4.46.2", "@rollup/rollup-linux-arm-musleabihf": "4.46.2", "@rollup/rollup-linux-arm64-gnu": "4.46.2", "@rollup/rollup-linux-arm64-musl": "4.46.2", "@rollup/rollup-linux-loongarch64-gnu": "4.46.2", "@rollup/rollup-linux-ppc64-gnu": "4.46.2", "@rollup/rollup-linux-riscv64-gnu": "4.46.2", "@rollup/rollup-linux-riscv64-musl": "4.46.2", "@rollup/rollup-linux-s390x-gnu": "4.46.2", "@rollup/rollup-linux-x64-gnu": "4.46.2", "@rollup/rollup-linux-x64-musl": "4.46.2", "@rollup/rollup-win32-arm64-msvc": "4.46.2", "@rollup/rollup-win32-ia32-msvc": "4.46.2", "@rollup/rollup-win32-x64-msvc": "4.46.2", "fsevents": "~2.3.2" }, "bin": { "rollup": "dist/bin/rollup" } }, "sha512-WMmLFI+Boh6xbop+OAGo9cQ3OgX9MIg7xOQjn+pTCwOkk+FNDAeAemXkJ3HzDJrVXleLOFVa1ipuc1AmEx1Dwg=="],

    "source-map-js": ["source-map-js@1.2.1", "", {}, "sha512-UXWMKhLOwVKb728IUtQPXxfYU+usdybtUrK/8uGE8CQMvrhOpwvzDBwj0QhSL7MQc7vIsISBG8VQ8+IDQxpfQA=="],

    "tailwindcss": ["tailwindcss@4.2.0", "", {}, "sha512-yYzTZ4++b7fNYxFfpnberEEKu43w44aqDMNM9MHMmcKuCH7lL8jJ4yJ7LGHv7rSwiqM0nkiobF9I6cLlpS2P7Q=="],

    "tapable": ["tapable@2.3.0", "", {}, "sha512-g9ljZiwki/LfxmQADO3dEY1CbpmXT5Hm2fJ+QaGKwSXUylMybePR7/67YW7jOrrvjEgL1Fmz5kzyAjWVWLlucg=="],

    "tinyglobby": ["tinyglobby@0.2.15", "", { "dependencies": { "fdir": "^6.5.0", "picomatch": "^4.0.3" } }, "sha512-j2Zq4NyQYG5XMST4cbs02Ak8iJUdxRM0XI5QyxXuZOzKOINmWurp3smXu3y5wDcJrptwpSjgXHzIQxR0omXljQ=="],

    "typescript": ["typescript@5.9.3", "", { "bin": { "tsc": "bin/tsc", "tsserver": "bin/tsserver" } }, "sha512-jl1vZzPDinLr9eUt3J/t7V6FgNEw9QjvBPdysz9KfQDD41fQrC2Y4vKQdiaUpFT4bXlb1RHhLpp8wtm6M5TgSw=="],

    "update-browserslist-db": ["update-browserslist-db@1.2.2", "", { "dependencies": { "escalade": "^3.2.0", "picocolors": "^1.1.1" }, "peerDependencies": { "browserslist": ">= 4.21.0" }, "bin": { "update-browserslist-db": "cli.js" } }, "sha512-E85pfNzMQ9jpKkA7+TJAi4TJN+tBCuWh5rUcS/sv6cFi+1q9LYDwDI5dpUL0u/73EElyQ8d3TEaeW4sPedBqYA=="],

    "uuid": ["uuid@10.0.0", "", { "bin": { "uuid": "dist/bin/uuid" } }, "sha512-8XkAphELsDnEGrDxUOHB3RGvXz6TeuYSGEZBOjtTtPm2lwhGBjLgOzLHB63IUWfBpNucQjND6d3AOudO+H3RWQ=="],

    "vite": ["vite@7.3.1", "", { "dependencies": { "esbuild": "^0.27.0", "fdir": "^6.5.0", "picomatch": "^4.0.3", "postcss": "^8.5.6", "rollup": "^4.43.0", "tinyglobby": "^0.2.15" }, "optionalDependencies": { "fsevents": "~2.3.3" }, "peerDependencies": { "@types/node": "^20.19.0 || >=22.12.0", "jiti": ">=1.21.0", "less": "^4.0.0", "lightningcss": "^1.21.0", "sass": "^1.70.0", "sass-embedded": "^1.70.0", "stylus": ">=0.54.8", "sugarss": "^5.0.0", "terser": "^5.16.0", "tsx": "^4.8.1", "yaml": "^2.4.2" }, "optionalPeers": ["@types/node", "jiti", "less", "lightningcss", "sass", "sass-embedded", "stylus", "sugarss", "terser", "tsx", "yaml"], "bin": { "vite": "bin/vite.js" } }, "sha512-w+N7Hifpc3gRjZ63vYBXA56dvvRlNWRczTdmCBBa+CotUzAPf5b7YMdMR/8CQoeYE5LX3W4wj6RYTgonm1b9DA=="],

    "vite-plugin-top-level-await": ["vite-plugin-top-level-await@1.6.0", "", { "dependencies": { "@rollup/plugin-virtual": "^3.0.2", "@swc/core": "^1.12.14", "@swc/wasm": "^1.12.14", "uuid": "10.0.0" }, "peerDependencies": { "vite": ">=2.8" } }, "sha512-bNhUreLamTIkoulCR9aDXbTbhLk6n1YE8NJUTTxl5RYskNRtzOR0ASzSjBVRtNdjIfngDXo11qOsybGLNsrdww=="],

    "vscode-uri": ["vscode-uri@3.1.0", "", {}, "sha512-/BpdSx+yCQGnCvecbyXdxHDkuk55/G3xwnC0GqY4gmQ3j+A+g8kzzgB4Nk/SINjqn6+waqw3EgbVF2QKExkRxQ=="],

    "vue": ["vue@3.5.28", "", { "dependencies": { "@vue/compiler-dom": "3.5.28", "@vue/compiler-sfc": "3.5.28", "@vue/runtime-dom": "3.5.28", "@vue/server-renderer": "3.5.28", "@vue/shared": "3.5.28" }, "peerDependencies": { "typescript": "*" }, "optionalPeers": ["typescript"] }, "sha512-BRdrNfeoccSoIZeIhyPBfvWSLFP4q8J3u8Ju8Ug5vu3LdD+yTM13Sg4sKtljxozbnuMu1NB1X5HBHRYUzFocKg=="],

    "vue-sonner": ["vue-sonner@2.0.9", "", { "peerDependencies": { "@nuxt/kit": "^4.0.3", "@nuxt/schema": "^4.0.3", "nuxt": "^4.0.3" }, "optionalPeers": ["@nuxt/kit", "@nuxt/schema", "nuxt"] }, "sha512-i6BokNlNDL93fpzNxN/LZSn6D6MzlO+i3qXt6iVZne3x1k7R46d5HlFB4P8tYydhgqOrRbIZEsnRd3kG7qGXyw=="],

    "vue-tsc": ["vue-tsc@3.2.5", "", { "dependencies": { "@volar/typescript": "2.4.28", "@vue/language-core": "3.2.5" }, "peerDependencies": { "typescript": ">=5.0.0" }, "bin": { "vue-tsc": "bin/vue-tsc.js" } }, "sha512-/htfTCMluQ+P2FISGAooul8kO4JMheOTCbCy4M6dYnYYjqLe3BExZudAua6MSIKSFYQtFOYAll7XobYwcpokGA=="],

    "@jridgewell/gen-mapping/@jridgewell/sourcemap-codec": ["@jridgewell/sourcemap-codec@1.5.4", "", {}, "sha512-VT2+G1VQs/9oz078bLrYbecdZKs912zQlkelYpuf+SXF+QvZDYJlbx/LSx+meSAwdDFnF8FVXW92AVjjkVmgFw=="],

    "@jridgewell/trace-mapping/@jridgewell/sourcemap-codec": ["@jridgewell/sourcemap-codec@1.5.4", "", {}, "sha512-VT2+G1VQs/9oz078bLrYbecdZKs912zQlkelYpuf+SXF+QvZDYJlbx/LSx+meSAwdDFnF8FVXW92AVjjkVmgFw=="],

    "@tailwindcss/oxide-wasm32-wasi/@emnapi/core": ["@emnapi/core@1.8.1", "", { "dependencies": { "@emnapi/wasi-threads": "1.1.0", "tslib": "^2.4.0" }, "bundled": true }, "sha512-AvT9QFpxK0Zd8J0jopedNm+w/2fIzvtPKPjqyw9jwvBaReTTqPBk9Hixaz7KbjimP+QNz605/XnjFcDAL2pqBg=="],

    "@tailwindcss/oxide-wasm32-wasi/@emnapi/runtime": ["@emnapi/runtime@1.8.1", "", { "dependencies": { "tslib": "^2.4.0" }, "bundled": true }, "sha512-mehfKSMWjjNol8659Z8KxEMrdSJDDot5SXMq00dM8BN4o+CLNXQ0xH2V7EchNHV4RmbZLmmPdEaXZc5H2FXmDg=="],

    "@tailwindcss/oxide-wasm32-wasi/@emnapi/wasi-threads": ["@emnapi/wasi-threads@1.1.0", "", { "dependencies": { "tslib": "^2.4.0" }, "bundled": true }, "sha512-WI0DdZ8xFSbgMjR1sFsKABJ/C5OnRrjT06JXbZKexJGrDuPTzZdDYfFlsgcCXCyf+suG5QU2e/y1Wo2V/OapLQ=="],

    "@tailwindcss/oxide-wasm32-wasi/@napi-rs/wasm-runtime": ["@napi-rs/wasm-runtime@1.1.1", "", { "dependencies": { "@emnapi/core": "^1.7.1", "@emnapi/runtime": "^1.7.1", "@tybys/wasm-util": "^0.10.1" }, "bundled": true }, "sha512-p64ah1M1ld8xjWv3qbvFwHiFVWrq1yFvV4f7w+mzaqiR4IlSgkqhcRdHwsGgomwzBH51sRY4NEowLxnaBjcW/A=="],

    "@tailwindcss/oxide-wasm32-wasi/@tybys/wasm-util": ["@tybys/wasm-util@0.10.1", "", { "dependencies": { "tslib": "^2.4.0" }, "bundled": true }, "sha512-9tTaPJLSiejZKx+Bmog4uSubteqTvFrVrURwkmHixBo0G4seD0zUxp98E1DzUBJxLQ3NPwXrGKDiVjwx/DpPsg=="],

    "@tailwindcss/oxide-wasm32-wasi/tslib": ["tslib@2.8.1", "", { "bundled": true }, "sha512-oJFu94HQb+KVduSUQL7wnpmqnfmLsOA/nAh6b6EH0wCEoK0/mPeXU6c3wKDV83MkOuHPRHtSXKKU99IBazS/2w=="],

    "@tauri-apps/plugin-autostart/@tauri-apps/api": ["@tauri-apps/api@2.9.1", "", {}, "sha512-IGlhP6EivjXHepbBic618GOmiWe4URJiIeZFlB7x3czM0yDHHYviH1Xvoiv4FefdkQtn6v7TuwWCRfOGdnVUGw=="],

    "@tauri-apps/plugin-os/@tauri-apps/api": ["@tauri-apps/api@2.9.1", "", {}, "sha512-IGlhP6EivjXHepbBic618GOmiWe4URJiIeZFlB7x3czM0yDHHYviH1Xvoiv4FefdkQtn6v7TuwWCRfOGdnVUGw=="],

    "browserslist/caniuse-lite": ["caniuse-lite@1.0.30001759", "", {}, "sha512-Pzfx9fOKoKvevQf8oCXoyNRQ5QyxJj+3O0Rqx2V5oxT61KGx8+n6hV/IUyJeifUci2clnmmKVpvtiqRzgiWjSw=="],
  }
}
